
Microsoft Visual Studio Solution File, Format Version 12.00
# Visual Studio Version 16
VisualStudioVersion = 16.0.30406.217
MinimumVisualStudioVersion = 10.0.40219.1
Project("{FAE04EC0-301F-11D3-BF4B-00C04F79EFBC}") = "PromotionEngine.Core", "PromotionEngine.Core\PromotionEngine.Core.csproj", "{ABCA511E-8375-4E02-85F7-394A0D45BAD6}"
EndProject
Project("{FAE04EC0-301F-11D3-BF4B-00C04F79EFBC}") = "PromotionEngine.Data", "PromotionEngine.Data\PromotionEngine.Data.csproj", "{69E3D751-5CA6-488A-A1B7-20D94E78CE72}"
EndProject
Global
	GlobalSection(SolutionConfigurationPlatforms) = preSolution
		Debug|Any CPU = Debug|Any CPU
		Release|Any CPU = Release|Any CPU
	EndGlobalSection
	GlobalSection(ProjectConfigurationPlatforms) = postSolution
		{ABCA511E-8375-4E02-85F7-394A0D45BAD6}.Debug|Any CPU.ActiveCfg = Debug|Any CPU
		{ABCA511E-8375-4E02-85F7-394A0D45BAD6}.Debug|Any CPU.Build.0 = Debug|Any CPU
		{ABCA511E-8375-4E02-85F7-394A0D45BAD6}.Release|Any CPU.ActiveCfg = Release|Any CPU
		{ABCA511E-8375-4E02-85F7-394A0D45BAD6}.Release|Any CPU.Build.0 = Release|Any CPU
		{69E3D751-5CA6-488A-A1B7-20D94E78CE72}.Debug|Any CPU.ActiveCfg = Debug|Any CPU
		{69E3D751-5CA6-488A-A1B7-20D94E78CE72}.Debug|Any CPU.Build.0 = Debug|Any CPU
		{69E3D751-5CA6-488A-A1B7-20D94E78CE72}.Release|Any CPU.ActiveCfg = Release|Any CPU
		{69E3D751-5CA6-488A-A1B7-20D94E78CE72}.Release|Any CPU.Build.0 = Release|Any CPU
	EndGlobalSection
	GlobalSection(SolutionProperties) = preSolution
		HideSolutionNode = FALSE
	EndGlobalSection
	GlobalSection(ExtensibilityGlobals) = postSolution
		SolutionGuid = {82B55A20-60F8-4392-830D-3A9AED12A665}
	EndGlobalSection
EndGlobal
